
Microsoft Visual Studio Solution File, Format Version 12.00
# Visual Studio Version 16
VisualStudioVersion = 16.0.31019.35
MinimumVisualStudioVersion = 10.0.40219.1
Project("{9A19103F-16F7-4668-BE54-9A1E7A4F7556}") = "AuctionAPI.Web", "src\AuctionAPI.Web\AuctionAPI.Web.csproj", "{44190A12-C7ED-466F-BD58-56386D8FC542}"
EndProject
Project("{2150E333-8FDC-42A3-9474-1A3956D46DE8}") = "src", "src", "{1B177F4A-5645-4310-AF9E-6614FD63B720}"
EndProject
Global
	GlobalSection(SolutionConfigurationPlatforms) = preSolution
		Debug|Any CPU = Debug|Any CPU
		Release|Any CPU = Release|Any CPU
	EndGlobalSection
	GlobalSection(ProjectConfigurationPlatforms) = postSolution
		{44190A12-C7ED-466F-BD58-56386D8FC542}.Debug|Any CPU.ActiveCfg = Debug|Any CPU
		{44190A12-C7ED-466F-BD58-56386D8FC542}.Debug|Any CPU.Build.0 = Debug|Any CPU
		{44190A12-C7ED-466F-BD58-56386D8FC542}.Release|Any CPU.ActiveCfg = Release|Any CPU
		{44190A12-C7ED-466F-BD58-56386D8FC542}.Release|Any CPU.Build.0 = Release|Any CPU
	EndGlobalSection
	GlobalSection(SolutionProperties) = preSolution
		HideSolutionNode = FALSE
	EndGlobalSection
	GlobalSection(NestedProjects) = preSolution
		{44190A12-C7ED-466F-BD58-56386D8FC542} = {1B177F4A-5645-4310-AF9E-6614FD63B720}
	EndGlobalSection
	GlobalSection(ExtensibilityGlobals) = postSolution
		SolutionGuid = {407AF733-A7F1-4800-96F1-A9463381E0D0}
	EndGlobalSection
EndGlobal
